// !$*UTF8*$!
{
	archiveVersion = 1;
	classes = {
	};
	objectVersion = 50;
	objects = {

/* Begin PBXBuildFile section */
		E90C03FA2654924D0078D0DB /* seal-dir.cpp in Sources */ = {isa = PBXBuildFile; fileRef = E9BE7A15264AF40B00C72A1F /* seal-dir.cpp */; };
		E90C03FB265492500078D0DB /* seal-dir.hpp in Headers */ = {isa = PBXBuildFile; fileRef = E9BE7A16264AF40B00C72A1F /* seal-dir.hpp */; };
		E92D38A626560C1200AB2A99 /* tests.cpp in Sources */ = {isa = PBXBuildFile; fileRef = E90C03F726548D4D0078D0DB /* tests.cpp */; };
/* End PBXBuildFile section */

/* Begin PBXCopyFilesBuildPhase section */
		E9009433264AE6F6004C45C2 /* CopyFiles */ = {
			isa = PBXCopyFilesBuildPhase;
			buildActionMask = 2147483647;
			dstPath = /usr/share/man/man1/;
			dstSubfolderSpec = 0;
			files = (
			);
			runOnlyForDeploymentPostprocessing = 1;
		};
		E92D389D26560C0200AB2A99 /* CopyFiles */ = {
			isa = PBXCopyFilesBuildPhase;
			buildActionMask = 2147483647;
			dstPath = /usr/share/man/man1/;
			dstSubfolderSpec = 0;
			files = (
			);
			runOnlyForDeploymentPostprocessing = 1;
		};
/* End PBXCopyFilesBuildPhase section */

/* Begin PBXFileReference section */
		E9009435264AE6F6004C45C2 /* seal-dir */ = {isa = PBXFileReference; explicitFileType = "compiled.mach-o.executable"; includeInIndex = 0; path = "seal-dir"; sourceTree = BUILT_PRODUCTS_DIR; };
		E90C03F026548CB50078D0DB /* libsealdir.dylib */ = {isa = PBXFileReference; explicitFileType = "compiled.mach-o.dylib"; includeInIndex = 0; path = libsealdir.dylib; sourceTree = BUILT_PRODUCTS_DIR; };
		E90C03F726548D4D0078D0DB /* tests.cpp */ = {isa = PBXFileReference; fileEncoding = 4; lastKnownFileType = sourcecode.cpp.cpp; path = tests.cpp; sourceTree = "<group>"; };
		E92D389F26560C0200AB2A99 /* seal-dir-eval */ = {isa = PBXFileReference; explicitFileType = "compiled.mach-o.executable"; includeInIndex = 0; path = "seal-dir-eval"; sourceTree = BUILT_PRODUCTS_DIR; };
		E9BE7A15264AF40B00C72A1F /* seal-dir.cpp */ = {isa = PBXFileReference; lastKnownFileType = sourcecode.cpp.cpp; path = "seal-dir.cpp"; sourceTree = "<group>"; };
		E9BE7A16264AF40B00C72A1F /* seal-dir.hpp */ = {isa = PBXFileReference; lastKnownFileType = sourcecode.cpp.h; path = "seal-dir.hpp"; sourceTree = "<group>"; };
/* End PBXFileReference section */

/* Begin PBXFrameworksBuildPhase section */
		E9009432264AE6F6004C45C2 /* Frameworks */ = {
			isa = PBXFrameworksBuildPhase;
			buildActionMask = 2147483647;
			files = (
			);
			runOnlyForDeploymentPostprocessing = 0;
		};
		E90C03EE26548CB50078D0DB /* Frameworks */ = {
			isa = PBXFrameworksBuildPhase;
			buildActionMask = 2147483647;
			files = (
			);
			runOnlyForDeploymentPostprocessing = 0;
		};
		E92D389C26560C0200AB2A99 /* Frameworks */ = {
			isa = PBXFrameworksBuildPhase;
			buildActionMask = 2147483647;
			files = (
			);
			runOnlyForDeploymentPostprocessing = 0;
		};
/* End PBXFrameworksBuildPhase section */

/* Begin PBXGroup section */
		E900942C264AE6F6004C45C2 = {
			isa = PBXGroup;
			children = (
				E92D389A26560BA500AB2A99 /* tmp */,
				E90C03F526548D4D0078D0DB /* src */,
				E9BE7A14264AF3B900C72A1F /* lib */,
				E9009436264AE6F6004C45C2 /* Products */,
			);
			sourceTree = "<group>";
		};
		E9009436264AE6F6004C45C2 /* Products */ = {
			isa = PBXGroup;
			children = (
				E9009435264AE6F6004C45C2 /* seal-dir */,
				E90C03F026548CB50078D0DB /* libsealdir.dylib */,
				E92D389F26560C0200AB2A99 /* seal-dir-eval */,
			);
			name = Products;
			sourceTree = "<group>";
		};
		E90C03F526548D4D0078D0DB /* src */ = {
			isa = PBXGroup;
			children = (
			);
			path = src;
			sourceTree = "<group>";
		};
		E92D389A26560BA500AB2A99 /* tmp */ = {
			isa = PBXGroup;
			children = (
				E90C03F726548D4D0078D0DB /* tests.cpp */,
			);
			path = tmp;
			sourceTree = "<group>";
		};
		E9BE7A14264AF3B900C72A1F /* lib */ = {
			isa = PBXGroup;
			children = (
				E9BE7A15264AF40B00C72A1F /* seal-dir.cpp */,
				E9BE7A16264AF40B00C72A1F /* seal-dir.hpp */,
			);
			path = lib;
			sourceTree = "<group>";
		};
/* End PBXGroup section */

/* Begin PBXHeadersBuildPhase section */
		E90C03EC26548CB50078D0DB /* Headers */ = {
			isa = PBXHeadersBuildPhase;
			buildActionMask = 2147483647;
			files = (
				E90C03FB265492500078D0DB /* seal-dir.hpp in Headers */,
			);
			runOnlyForDeploymentPostprocessing = 0;
		};
/* End PBXHeadersBuildPhase section */

/* Begin PBXNativeTarget section */
		E9009434264AE6F6004C45C2 /* seal-dir */ = {
			isa = PBXNativeTarget;
			buildConfigurationList = E900943C264AE6F6004C45C2 /* Build configuration list for PBXNativeTarget "seal-dir" */;
			buildPhases = (
				E9009431264AE6F6004C45C2 /* Sources */,
				E9009432264AE6F6004C45C2 /* Frameworks */,
				E9009433264AE6F6004C45C2 /* CopyFiles */,
			);
			buildRules = (
			);
			dependencies = (
			);
			name = "seal-dir";
			productName = "seal-dir";
			productReference = E9009435264AE6F6004C45C2 /* seal-dir */;
			productType = "com.apple.product-type.tool";
		};
		E90C03EF26548CB50078D0DB /* sealdir */ = {
			isa = PBXNativeTarget;
			buildConfigurationList = E90C03F126548CB50078D0DB /* Build configuration list for PBXNativeTarget "sealdir" */;
			buildPhases = (
				E90C03EC26548CB50078D0DB /* Headers */,
				E90C03ED26548CB50078D0DB /* Sources */,
				E90C03EE26548CB50078D0DB /* Frameworks */,
			);
			buildRules = (
			);
			dependencies = (
			);
			name = sealdir;
			productName = sealdir;
			productReference = E90C03F026548CB50078D0DB /* libsealdir.dylib */;
			productType = "com.apple.product-type.library.dynamic";
		};
		E92D389E26560C0200AB2A99 /* seal-dir-eval */ = {
			isa = PBXNativeTarget;
			buildConfigurationList = E92D38A326560C0200AB2A99 /* Build configuration list for PBXNativeTarget "seal-dir-eval" */;
			buildPhases = (
				E92D389B26560C0200AB2A99 /* Sources */,
				E92D389C26560C0200AB2A99 /* Frameworks */,
				E92D389D26560C0200AB2A99 /* CopyFiles */,
			);
			buildRules = (
			);
			dependencies = (
			);
			name = "seal-dir-eval";
			productName = "seal-dir-eval";
			productReference = E92D389F26560C0200AB2A99 /* seal-dir-eval */;
			productType = "com.apple.product-type.tool";
		};
/* End PBXNativeTarget section */

/* Begin PBXProject section */
		E900942D264AE6F6004C45C2 /* Project object */ = {
			isa = PBXProject;
			attributes = {
				LastUpgradeCheck = 1250;
				TargetAttributes = {
					E9009434264AE6F6004C45C2 = {
						CreatedOnToolsVersion = 12.5;
					};
					E90C03EF26548CB50078D0DB = {
						CreatedOnToolsVersion = 12.5;
					};
					E92D389E26560C0200AB2A99 = {
						CreatedOnToolsVersion = 12.5;
					};
				};
			};
			buildConfigurationList = E9009430264AE6F6004C45C2 /* Build configuration list for PBXProject "seal-dir" */;
			compatibilityVersion = "Xcode 9.3";
			developmentRegion = en;
			hasScannedForEncodings = 0;
			knownRegions = (
				en,
				Base,
			);
			mainGroup = E900942C264AE6F6004C45C2;
			productRefGroup = E9009436264AE6F6004C45C2 /* Products */;
			projectDirPath = "";
			projectRoot = "";
			targets = (
				E9009434264AE6F6004C45C2 /* seal-dir */,
				E90C03EF26548CB50078D0DB /* sealdir */,
				E92D389E26560C0200AB2A99 /* seal-dir-eval */,
			);
		};
/* End PBXProject section */

/* Begin PBXSourcesBuildPhase section */
		E9009431264AE6F6004C45C2 /* Sources */ = {
			isa = PBXSourcesBuildPhase;
			buildActionMask = 2147483647;
			files = (
			);
			runOnlyForDeploymentPostprocessing = 0;
		};
		E90C03ED26548CB50078D0DB /* Sources */ = {
			isa = PBXSourcesBuildPhase;
			buildActionMask = 2147483647;
			files = (
				E90C03FA2654924D0078D0DB /* seal-dir.cpp in Sources */,
			);
			runOnlyForDeploymentPostprocessing = 0;
		};
		E92D389B26560C0200AB2A99 /* Sources */ = {
			isa = PBXSourcesBuildPhase;
			buildActionMask = 2147483647;
			files = (
				E92D38A626560C1200AB2A99 /* tests.cpp in Sources */,
			);
			runOnlyForDeploymentPostprocessing = 0;
		};
/* End PBXSourcesBuildPhase section */

/* Begin XCBuildConfiguration section */
		E900943A264AE6F6004C45C2 /* Debug */ = {
			isa = XCBuildConfiguration;
			buildSettings = {
				ALWAYS_SEARCH_USER_PATHS = NO;
				CLANG_ANALYZER_NONNULL = YES;
				CLANG_ANALYZER_NUMBER_OBJECT_CONVERSION = YES_AGGRESSIVE;
				CLANG_CXX_LANGUAGE_STANDARD = "gnu++17";
				CLANG_CXX_LIBRARY = "libc++";
				CLANG_ENABLE_MODULES = YES;
				CLANG_ENABLE_OBJC_ARC = YES;
				CLANG_ENABLE_OBJC_WEAK = YES;
				CLANG_WARN_BLOCK_CAPTURE_AUTORELEASING = YES;
				CLANG_WARN_BOOL_CONVERSION = YES;
				CLANG_WARN_COMMA = YES;
				CLANG_WARN_CONSTANT_CONVERSION = YES;
				CLANG_WARN_DEPRECATED_OBJC_IMPLEMENTATIONS = YES;
				CLANG_WARN_DIRECT_OBJC_ISA_USAGE = YES_ERROR;
				CLANG_WARN_DOCUMENTATION_COMMENTS = YES;
				CLANG_WARN_EMPTY_BODY = YES;
				CLANG_WARN_ENUM_CONVERSION = YES;
				CLANG_WARN_INFINITE_RECURSION = YES;
				CLANG_WARN_INT_CONVERSION = YES;
				CLANG_WARN_NON_LITERAL_NULL_CONVERSION = YES;
				CLANG_WARN_OBJC_IMPLICIT_RETAIN_SELF = YES;
				CLANG_WARN_OBJC_LITERAL_CONVERSION = YES;
				CLANG_WARN_OBJC_ROOT_CLASS = YES_ERROR;
				CLANG_WARN_QUOTED_INCLUDE_IN_FRAMEWORK_HEADER = YES;
				CLANG_WARN_RANGE_LOOP_ANALYSIS = YES;
				CLANG_WARN_STRICT_PROTOTYPES = YES;
				CLANG_WARN_SUSPICIOUS_MOVE = YES;
				CLANG_WARN_UNGUARDED_AVAILABILITY = YES_AGGRESSIVE;
				CLANG_WARN_UNREACHABLE_CODE = YES;
				CLANG_WARN__DUPLICATE_METHOD_MATCH = YES;
				COPY_PHASE_STRIP = NO;
				DEBUG_INFORMATION_FORMAT = dwarf;
				ENABLE_STRICT_OBJC_MSGSEND = YES;
				ENABLE_TESTABILITY = YES;
				GCC_C_LANGUAGE_STANDARD = gnu11;
				GCC_DYNAMIC_NO_PIC = NO;
				GCC_NO_COMMON_BLOCKS = YES;
				GCC_OPTIMIZATION_LEVEL = 0;
				GCC_PREPROCESSOR_DEFINITIONS = (
					"DEBUG=1",
					"$(inherited)",
				);
				GCC_WARN_64_TO_32_BIT_CONVERSION = YES;
				GCC_WARN_ABOUT_RETURN_TYPE = YES_ERROR;
				GCC_WARN_UNDECLARED_SELECTOR = YES;
				GCC_WARN_UNINITIALIZED_AUTOS = YES_AGGRESSIVE;
				GCC_WARN_UNUSED_FUNCTION = YES;
				GCC_WARN_UNUSED_VARIABLE = YES;
				HEADER_SEARCH_PATHS = /usr/local/include;
				LIBRARY_SEARCH_PATHS = (
					/usr/local/lib,
					"${HOME}/Library/Developer/Xcode/DerivedData/Build/Products/Debug",
				);
				MACOSX_DEPLOYMENT_TARGET = 11.3;
				MTL_ENABLE_DEBUG_INFO = INCLUDE_SOURCE;
				MTL_FAST_MATH = YES;
				ONLY_ACTIVE_ARCH = YES;
				SDKROOT = macosx;
			};
			name = Debug;
		};
		E900943B264AE6F6004C45C2 /* Release */ = {
			isa = XCBuildConfiguration;
			buildSettings = {
				ALWAYS_SEARCH_USER_PATHS = NO;
				CLANG_ANALYZER_NONNULL = YES;
				CLANG_ANALYZER_NUMBER_OBJECT_CONVERSION = YES_AGGRESSIVE;
				CLANG_CXX_LANGUAGE_STANDARD = "gnu++17";
				CLANG_CXX_LIBRARY = "libc++";
				CLANG_ENABLE_MODULES = YES;
				CLANG_ENABLE_OBJC_ARC = YES;
				CLANG_ENABLE_OBJC_WEAK = YES;
				CLANG_WARN_BLOCK_CAPTURE_AUTORELEASING = YES;
				CLANG_WARN_BOOL_CONVERSION = YES;
				CLANG_WARN_COMMA = YES;
				CLANG_WARN_CONSTANT_CONVERSION = YES;
				CLANG_WARN_DEPRECATED_OBJC_IMPLEMENTATIONS = YES;
				CLANG_WARN_DIRECT_OBJC_ISA_USAGE = YES_ERROR;
				CLANG_WARN_DOCUMENTATION_COMMENTS = YES;
				CLANG_WARN_EMPTY_BODY = YES;
				CLANG_WARN_ENUM_CONVERSION = YES;
				CLANG_WARN_INFINITE_RECURSION = YES;
				CLANG_WARN_INT_CONVERSION = YES;
				CLANG_WARN_NON_LITERAL_NULL_CONVERSION = YES;
				CLANG_WARN_OBJC_IMPLICIT_RETAIN_SELF = YES;
				CLANG_WARN_OBJC_LITERAL_CONVERSION = YES;
				CLANG_WARN_OBJC_ROOT_CLASS = YES_ERROR;
				CLANG_WARN_QUOTED_INCLUDE_IN_FRAMEWORK_HEADER = YES;
				CLANG_WARN_RANGE_LOOP_ANALYSIS = YES;
				CLANG_WARN_STRICT_PROTOTYPES = YES;
				CLANG_WARN_SUSPICIOUS_MOVE = YES;
				CLANG_WARN_UNGUARDED_AVAILABILITY = YES_AGGRESSIVE;
				CLANG_WARN_UNREACHABLE_CODE = YES;
				CLANG_WARN__DUPLICATE_METHOD_MATCH = YES;
				COPY_PHASE_STRIP = NO;
				DEBUG_INFORMATION_FORMAT = "dwarf-with-dsym";
				ENABLE_NS_ASSERTIONS = NO;
				ENABLE_STRICT_OBJC_MSGSEND = YES;
				GCC_C_LANGUAGE_STANDARD = gnu11;
				GCC_NO_COMMON_BLOCKS = YES;
				GCC_WARN_64_TO_32_BIT_CONVERSION = YES;
				GCC_WARN_ABOUT_RETURN_TYPE = YES_ERROR;
				GCC_WARN_UNDECLARED_SELECTOR = YES;
				GCC_WARN_UNINITIALIZED_AUTOS = YES_AGGRESSIVE;
				GCC_WARN_UNUSED_FUNCTION = YES;
				GCC_WARN_UNUSED_VARIABLE = YES;
				HEADER_SEARCH_PATHS = /usr/local/include;
				LIBRARY_SEARCH_PATHS = (
					/usr/local/lib,
					"${HOME}/Library/Developer/Xcode/DerivedData/Build/Products/Debug",
				);
				MACOSX_DEPLOYMENT_TARGET = 11.3;
				MTL_ENABLE_DEBUG_INFO = NO;
				MTL_FAST_MATH = YES;
				SDKROOT = macosx;
			};
			name = Release;
		};
		E900943D264AE6F6004C45C2 /* Debug */ = {
			isa = XCBuildConfiguration;
			buildSettings = {
				CODE_SIGN_STYLE = Automatic;
				DEPLOYMENT_LOCATION = NO;
				OTHER_LDFLAGS = "-lgcrypt";
				PRODUCT_NAME = "$(TARGET_NAME)";
			};
			name = Debug;
		};
		E900943E264AE6F6004C45C2 /* Release */ = {
			isa = XCBuildConfiguration;
			buildSettings = {
				CODE_SIGN_STYLE = Automatic;
				DEPLOYMENT_LOCATION = YES;
				OTHER_LDFLAGS = "-lgcrypt";
				PRODUCT_NAME = "$(TARGET_NAME)";
			};
			name = Release;
		};
		E90C03F226548CB50078D0DB /* Debug */ = {
			isa = XCBuildConfiguration;
			buildSettings = {
				CLANG_CXX_LANGUAGE_STANDARD = "gnu++17";
				CODE_SIGN_STYLE = Automatic;
				DYLIB_COMPATIBILITY_VERSION = 1;
				DYLIB_CURRENT_VERSION = 1;
				EXECUTABLE_PREFIX = lib;
				OTHER_LDFLAGS = "-lgcrypt";
				PRODUCT_NAME = "$(TARGET_NAME)";
				SKIP_INSTALL = YES;
			};
			name = Debug;
		};
		E90C03F326548CB50078D0DB /* Release */ = {
			isa = XCBuildConfiguration;
			buildSettings = {
				CLANG_CXX_LANGUAGE_STANDARD = "gnu++17";
				CODE_SIGN_STYLE = Automatic;
				DYLIB_COMPATIBILITY_VERSION = 1;
				DYLIB_CURRENT_VERSION = 1;
				EXECUTABLE_PREFIX = lib;
				OTHER_LDFLAGS = "-lgcrypt";
				PRODUCT_NAME = "$(TARGET_NAME)";
				SKIP_INSTALL = YES;
			};
			name = Release;
		};
		E92D38A426560C0200AB2A99 /* Debug */ = {
			isa = XCBuildConfiguration;
			buildSettings = {
				CLANG_CXX_LANGUAGE_STANDARD = "gnu++17";
				CODE_SIGN_STYLE = Automatic;
				LIBRARY_SEARCH_PATHS = (
					/usr/local/lib,
					"${HOME}/Library/Developer/Xcode/DerivedData/Build/Products/Debug",
				);
				OTHER_LDFLAGS = (
					"-lsealdir",
					"-lgcrypt",
				);
				PRODUCT_NAME = "$(TARGET_NAME)";
			};
			name = Debug;
		};
		E92D38A526560C0200AB2A99 /* Release */ = {
			isa = XCBuildConfiguration;
			buildSettings = {
				CLANG_CXX_LANGUAGE_STANDARD = "gnu++17";
				CODE_SIGN_STYLE = Automatic;
				LIBRARY_SEARCH_PATHS = (
					/usr/local/lib,
					"${HOME}/Library/Developer/Xcode/DerivedData/Build/Products/Debug",
				);
				OTHER_LDFLAGS = (
					"-lsealdir",
					"-lgcrypt",
				);
				PRODUCT_NAME = "$(TARGET_NAME)";
			};
			name = Release;
		};
/* End XCBuildConfiguration section */

/* Begin XCConfigurationList section */
		E9009430264AE6F6004C45C2 /* Build configuration list for PBXProject "seal-dir" */ = {
			isa = XCConfigurationList;
			buildConfigurations = (
				E900943A264AE6F6004C45C2 /* Debug */,
				E900943B264AE6F6004C45C2 /* Release */,
			);
			defaultConfigurationIsVisible = 0;
			defaultConfigurationName = Release;
		};
		E900943C264AE6F6004C45C2 /* Build configuration list for PBXNativeTarget "seal-dir" */ = {
			isa = XCConfigurationList;
			buildConfigurations = (
				E900943D264AE6F6004C45C2 /* Debug */,
				E900943E264AE6F6004C45C2 /* Release */,
			);
			defaultConfigurationIsVisible = 0;
			defaultConfigurationName = Release;
		};
		E90C03F126548CB50078D0DB /* Build configuration list for PBXNativeTarget "sealdir" */ = {
			isa = XCConfigurationList;
			buildConfigurations = (
				E90C03F226548CB50078D0DB /* Debug */,
				E90C03F326548CB50078D0DB /* Release */,
			);
			defaultConfigurationIsVisible = 0;
			defaultConfigurationName = Release;
		};
		E92D38A326560C0200AB2A99 /* Build configuration list for PBXNativeTarget "seal-dir-eval" */ = {
			isa = XCConfigurationList;
			buildConfigurations = (
				E92D38A426560C0200AB2A99 /* Debug */,
				E92D38A526560C0200AB2A99 /* Release */,
			);
			defaultConfigurationIsVisible = 0;
			defaultConfigurationName = Release;
		};
/* End XCConfigurationList section */
	};
	rootObject = E900942D264AE6F6004C45C2 /* Project object */;
}
